
Microsoft Visual Studio Solution File, Format Version 12.00
# Visual Studio Version 16
VisualStudioVersion = 16.0.29613.14
MinimumVisualStudioVersion = 10.0.40219.1
Project("{FAE04EC0-301F-11D3-BF4B-00C04F79EFBC}") = "SubtitleAdRemover", "SubtitleAdRemover\SubtitleAdRemover.csproj", "{E61CE9A6-44B6-4DF3-9230-8067EC068B88}"
EndProject
Global
	GlobalSection(SolutionConfigurationPlatforms) = preSolution
		Debug|Any CPU = Debug|Any CPU
		Debug|x64 = Debug|x64
		Release|Any CPU = Release|Any CPU
		Release|x64 = Release|x64
		testing how to release|Any CPU = testing how to release|Any CPU
		testing how to release|x64 = testing how to release|x64
	EndGlobalSection
	GlobalSection(ProjectConfigurationPlatforms) = postSolution
		{E61CE9A6-44B6-4DF3-9230-8067EC068B88}.Debug|Any CPU.ActiveCfg = Release|Any CPU
		{E61CE9A6-44B6-4DF3-9230-8067EC068B88}.Debug|Any CPU.Build.0 = Release|Any CPU
		{E61CE9A6-44B6-4DF3-9230-8067EC068B88}.Debug|x64.ActiveCfg = Debug|x64
		{E61CE9A6-44B6-4DF3-9230-8067EC068B88}.Debug|x64.Build.0 = Debug|x64
		{E61CE9A6-44B6-4DF3-9230-8067EC068B88}.Release|Any CPU.ActiveCfg = Release|Any CPU
		{E61CE9A6-44B6-4DF3-9230-8067EC068B88}.Release|Any CPU.Build.0 = Release|Any CPU
		{E61CE9A6-44B6-4DF3-9230-8067EC068B88}.Release|x64.ActiveCfg = Release|x64
		{E61CE9A6-44B6-4DF3-9230-8067EC068B88}.Release|x64.Build.0 = Release|x64
		{E61CE9A6-44B6-4DF3-9230-8067EC068B88}.testing how to release|Any CPU.ActiveCfg = testing how to release|Any CPU
		{E61CE9A6-44B6-4DF3-9230-8067EC068B88}.testing how to release|Any CPU.Build.0 = testing how to release|Any CPU
		{E61CE9A6-44B6-4DF3-9230-8067EC068B88}.testing how to release|x64.ActiveCfg = testing how to release|Any CPU
		{E61CE9A6-44B6-4DF3-9230-8067EC068B88}.testing how to release|x64.Build.0 = testing how to release|Any CPU
	EndGlobalSection
	GlobalSection(SolutionProperties) = preSolution
		HideSolutionNode = FALSE
	EndGlobalSection
	GlobalSection(ExtensibilityGlobals) = postSolution
		SolutionGuid = {983F46E3-B00E-4EA7-B80C-E6FA15AD1B66}
	EndGlobalSection
EndGlobal
